
Microsoft Visual Studio Solution File, Format Version 12.00
# Visual Studio Version 16
VisualStudioVersion = 16.0.31025.194
MinimumVisualStudioVersion = 10.0.40219.1
Project("{FAE04EC0-301F-11D3-BF4B-00C04F79EFBC}") = "ServiceMtk-P1-20190140041", "ServiceMtk-P1-20190140041\ServiceMtk-P1-20190140041.csproj", "{19ADEDB3-CA14-449E-A0D7-4EAA19B3DFFE}"
EndProject
Global
	GlobalSection(SolutionConfigurationPlatforms) = preSolution
		Debug|Any CPU = Debug|Any CPU
		Release|Any CPU = Release|Any CPU
	EndGlobalSection
	GlobalSection(ProjectConfigurationPlatforms) = postSolution
		{19ADEDB3-CA14-449E-A0D7-4EAA19B3DFFE}.Debug|Any CPU.ActiveCfg = Debug|Any CPU
		{19ADEDB3-CA14-449E-A0D7-4EAA19B3DFFE}.Debug|Any CPU.Build.0 = Debug|Any CPU
		{19ADEDB3-CA14-449E-A0D7-4EAA19B3DFFE}.Release|Any CPU.ActiveCfg = Release|Any CPU
		{19ADEDB3-CA14-449E-A0D7-4EAA19B3DFFE}.Release|Any CPU.Build.0 = Release|Any CPU
	EndGlobalSection
	GlobalSection(SolutionProperties) = preSolution
		HideSolutionNode = FALSE
	EndGlobalSection
	GlobalSection(ExtensibilityGlobals) = postSolution
		SolutionGuid = {B4C4C2B2-E84B-400F-820A-DBA9A6FE9427}
	EndGlobalSection
EndGlobal
